// !$*UTF8*$!
{
	archiveVersion = 1;
	classes = {
	};
	objectVersion = 50;
	objects = {

/* Begin PBXBuildFile section */
		4218DA1C237621490048D1CB /* AppDelegate.swift in Sources */ = {isa = PBXBuildFile; fileRef = 4218DA1B237621490048D1CB /* AppDelegate.swift */; };
		4218DA1E237621490048D1CB /* SceneDelegate.swift in Sources */ = {isa = PBXBuildFile; fileRef = 4218DA1D237621490048D1CB /* SceneDelegate.swift */; };
		4218DA20237621490048D1CB /* ContentView.swift in Sources */ = {isa = PBXBuildFile; fileRef = 4218DA1F237621490048D1CB /* ContentView.swift */; };
		4218DA222376214B0048D1CB /* Assets.xcassets in Resources */ = {isa = PBXBuildFile; fileRef = 4218DA212376214B0048D1CB /* Assets.xcassets */; };
		4218DA252376214B0048D1CB /* Preview Assets.xcassets in Resources */ = {isa = PBXBuildFile; fileRef = 4218DA242376214B0048D1CB /* Preview Assets.xcassets */; };
		4218DA282376214B0048D1CB /* LaunchScreen.storyboard in Resources */ = {isa = PBXBuildFile; fileRef = 4218DA262376214B0048D1CB /* LaunchScreen.storyboard */; };
		4218DA332376214B0048D1CB /* ArenasTests.swift in Sources */ = {isa = PBXBuildFile; fileRef = 4218DA322376214B0048D1CB /* ArenasTests.swift */; };
		4218DA3E2376214B0048D1CB /* ArenasUITests.swift in Sources */ = {isa = PBXBuildFile; fileRef = 4218DA3D2376214B0048D1CB /* ArenasUITests.swift */; };
/* End PBXBuildFile section */

/* Begin PBXContainerItemProxy section */
		4218DA2F2376214B0048D1CB /* PBXContainerItemProxy */ = {
			isa = PBXContainerItemProxy;
			containerPortal = 4218DA10237621490048D1CB /* Project object */;
			proxyType = 1;
			remoteGlobalIDString = 4218DA17237621490048D1CB;
			remoteInfo = Arenas;
		};
		4218DA3A2376214B0048D1CB /* PBXContainerItemProxy */ = {
			isa = PBXContainerItemProxy;
			containerPortal = 4218DA10237621490048D1CB /* Project object */;
			proxyType = 1;
			remoteGlobalIDString = 4218DA17237621490048D1CB;
			remoteInfo = Arenas;
		};
/* End PBXContainerItemProxy section */

/* Begin PBXFileReference section */
		4218DA18237621490048D1CB /* Arenas.app */ = {isa = PBXFileReference; explicitFileType = wrapper.application; includeInIndex = 0; path = Arenas.app; sourceTree = BUILT_PRODUCTS_DIR; };
		4218DA1B237621490048D1CB /* AppDelegate.swift */ = {isa = PBXFileReference; lastKnownFileType = sourcecode.swift; path = AppDelegate.swift; sourceTree = "<group>"; };
		4218DA1D237621490048D1CB /* SceneDelegate.swift */ = {isa = PBXFileReference; lastKnownFileType = sourcecode.swift; path = SceneDelegate.swift; sourceTree = "<group>"; };
		4218DA1F237621490048D1CB /* ContentView.swift */ = {isa = PBXFileReference; lastKnownFileType = sourcecode.swift; path = ContentView.swift; sourceTree = "<group>"; };
		4218DA212376214B0048D1CB /* Assets.xcassets */ = {isa = PBXFileReference; lastKnownFileType = folder.assetcatalog; path = Assets.xcassets; sourceTree = "<group>"; };
		4218DA242376214B0048D1CB /* Preview Assets.xcassets */ = {isa = PBXFileReference; lastKnownFileType = folder.assetcatalog; path = "Preview Assets.xcassets"; sourceTree = "<group>"; };
		4218DA272376214B0048D1CB /* Base */ = {isa = PBXFileReference; lastKnownFileType = file.storyboard; name = Base; path = Base.lproj/LaunchScreen.storyboard; sourceTree = "<group>"; };
		4218DA292376214B0048D1CB /* Info.plist */ = {isa = PBXFileReference; lastKnownFileType = text.plist.xml; path = Info.plist; sourceTree = "<group>"; };
		4218DA2E2376214B0048D1CB /* ArenasTests.xctest */ = {isa = PBXFileReference; explicitFileType = wrapper.cfbundle; includeInIndex = 0; path = ArenasTests.xctest; sourceTree = BUILT_PRODUCTS_DIR; };
		4218DA322376214B0048D1CB /* ArenasTests.swift */ = {isa = PBXFileReference; lastKnownFileType = sourcecode.swift; path = ArenasTests.swift; sourceTree = "<group>"; };
		4218DA342376214B0048D1CB /* Info.plist */ = {isa = PBXFileReference; lastKnownFileType = text.plist.xml; path = Info.plist; sourceTree = "<group>"; };
		4218DA392376214B0048D1CB /* ArenasUITests.xctest */ = {isa = PBXFileReference; explicitFileType = wrapper.cfbundle; includeInIndex = 0; path = ArenasUITests.xctest; sourceTree = BUILT_PRODUCTS_DIR; };
		4218DA3D2376214B0048D1CB /* ArenasUITests.swift */ = {isa = PBXFileReference; lastKnownFileType = sourcecode.swift; path = ArenasUITests.swift; sourceTree = "<group>"; };
		4218DA3F2376214B0048D1CB /* Info.plist */ = {isa = PBXFileReference; lastKnownFileType = text.plist.xml; path = Info.plist; sourceTree = "<group>"; };
/* End PBXFileReference section */

/* Begin PBXFrameworksBuildPhase section */
		4218DA15237621490048D1CB /* Frameworks */ = {
			isa = PBXFrameworksBuildPhase;
			buildActionMask = 2147483647;
			files = (
			);
			runOnlyForDeploymentPostprocessing = 0;
		};
		4218DA2B2376214B0048D1CB /* Frameworks */ = {
			isa = PBXFrameworksBuildPhase;
			buildActionMask = 2147483647;
			files = (
			);
			runOnlyForDeploymentPostprocessing = 0;
		};
		4218DA362376214B0048D1CB /* Frameworks */ = {
			isa = PBXFrameworksBuildPhase;
			buildActionMask = 2147483647;
			files = (
			);
			runOnlyForDeploymentPostprocessing = 0;
		};
/* End PBXFrameworksBuildPhase section */

/* Begin PBXGroup section */
		4218DA0F237621490048D1CB = {
			isa = PBXGroup;
			children = (
				4218DA1A237621490048D1CB /* Arenas */,
				4218DA312376214B0048D1CB /* ArenasTests */,
				4218DA3C2376214B0048D1CB /* ArenasUITests */,
				4218DA19237621490048D1CB /* Products */,
			);
			sourceTree = "<group>";
		};
		4218DA19237621490048D1CB /* Products */ = {
			isa = PBXGroup;
			children = (
				4218DA18237621490048D1CB /* Arenas.app */,
				4218DA2E2376214B0048D1CB /* ArenasTests.xctest */,
				4218DA392376214B0048D1CB /* ArenasUITests.xctest */,
			);
			name = Products;
			sourceTree = "<group>";
		};
		4218DA1A237621490048D1CB /* Arenas */ = {
			isa = PBXGroup;
			children = (
				4218DA1B237621490048D1CB /* AppDelegate.swift */,
				4218DA1D237621490048D1CB /* SceneDelegate.swift */,
				4218DA1F237621490048D1CB /* ContentView.swift */,
				4218DA212376214B0048D1CB /* Assets.xcassets */,
				4218DA262376214B0048D1CB /* LaunchScreen.storyboard */,
				4218DA292376214B0048D1CB /* Info.plist */,
				4218DA232376214B0048D1CB /* Preview Content */,
			);
			path = Arenas;
			sourceTree = "<group>";
		};
		4218DA232376214B0048D1CB /* Preview Content */ = {
			isa = PBXGroup;
			children = (
				4218DA242376214B0048D1CB /* Preview Assets.xcassets */,
			);
			path = "Preview Content";
			sourceTree = "<group>";
		};
		4218DA312376214B0048D1CB /* ArenasTests */ = {
			isa = PBXGroup;
			children = (
				4218DA322376214B0048D1CB /* ArenasTests.swift */,
				4218DA342376214B0048D1CB /* Info.plist */,
			);
			path = ArenasTests;
			sourceTree = "<group>";
		};
		4218DA3C2376214B0048D1CB /* ArenasUITests */ = {
			isa = PBXGroup;
			children = (
				4218DA3D2376214B0048D1CB /* ArenasUITests.swift */,
				4218DA3F2376214B0048D1CB /* Info.plist */,
			);
			path = ArenasUITests;
			sourceTree = "<group>";
		};
/* End PBXGroup section */

/* Begin PBXNativeTarget section */
		4218DA17237621490048D1CB /* Arenas */ = {
			isa = PBXNativeTarget;
			buildConfigurationList = 4218DA422376214B0048D1CB /* Build configuration list for PBXNativeTarget "Arenas" */;
			buildPhases = (
				4218DA14237621490048D1CB /* Sources */,
				4218DA15237621490048D1CB /* Frameworks */,
				4218DA16237621490048D1CB /* Resources */,
			);
			buildRules = (
			);
			dependencies = (
			);
			name = Arenas;
			productName = Arenas;
			productReference = 4218DA18237621490048D1CB /* Arenas.app */;
			productType = "com.apple.product-type.application";
		};
		4218DA2D2376214B0048D1CB /* ArenasTests */ = {
			isa = PBXNativeTarget;
			buildConfigurationList = 4218DA452376214B0048D1CB /* Build configuration list for PBXNativeTarget "ArenasTests" */;
			buildPhases = (
				4218DA2A2376214B0048D1CB /* Sources */,
				4218DA2B2376214B0048D1CB /* Frameworks */,
				4218DA2C2376214B0048D1CB /* Resources */,
			);
			buildRules = (
			);
			dependencies = (
				4218DA302376214B0048D1CB /* PBXTargetDependency */,
			);
			name = ArenasTests;
			productName = ArenasTests;
			productReference = 4218DA2E2376214B0048D1CB /* ArenasTests.xctest */;
			productType = "com.apple.product-type.bundle.unit-test";
		};
		4218DA382376214B0048D1CB /* ArenasUITests */ = {
			isa = PBXNativeTarget;
			buildConfigurationList = 4218DA482376214B0048D1CB /* Build configuration list for PBXNativeTarget "ArenasUITests" */;
			buildPhases = (
				4218DA352376214B0048D1CB /* Sources */,
				4218DA362376214B0048D1CB /* Frameworks */,
				4218DA372376214B0048D1CB /* Resources */,
			);
			buildRules = (
			);
			dependencies = (
				4218DA3B2376214B0048D1CB /* PBXTargetDependency */,
			);
			name = ArenasUITests;
			productName = ArenasUITests;
			productReference = 4218DA392376214B0048D1CB /* ArenasUITests.xctest */;
			productType = "com.apple.product-type.bundle.ui-testing";
		};
/* End PBXNativeTarget section */

/* Begin PBXProject section */
		4218DA10237621490048D1CB /* Project object */ = {
			isa = PBXProject;
			attributes = {
				LastSwiftUpdateCheck = 1100;
				LastUpgradeCheck = 1100;
				ORGANIZATIONNAME = "Laboratorio UNAM-Apple 21";
				TargetAttributes = {
					4218DA17237621490048D1CB = {
						CreatedOnToolsVersion = 11.0;
					};
					4218DA2D2376214B0048D1CB = {
						CreatedOnToolsVersion = 11.0;
						TestTargetID = 4218DA17237621490048D1CB;
					};
					4218DA382376214B0048D1CB = {
						CreatedOnToolsVersion = 11.0;
						TestTargetID = 4218DA17237621490048D1CB;
					};
				};
			};
			buildConfigurationList = 4218DA13237621490048D1CB /* Build configuration list for PBXProject "Arenas" */;
			compatibilityVersion = "Xcode 9.3";
			developmentRegion = en;
			hasScannedForEncodings = 0;
			knownRegions = (
				en,
				Base,
			);
			mainGroup = 4218DA0F237621490048D1CB;
			productRefGroup = 4218DA19237621490048D1CB /* Products */;
			projectDirPath = "";
			projectRoot = "";
			targets = (
				4218DA17237621490048D1CB /* Arenas */,
				4218DA2D2376214B0048D1CB /* ArenasTests */,
				4218DA382376214B0048D1CB /* ArenasUITests */,
			);
		};
/* End PBXProject section */

/* Begin PBXResourcesBuildPhase section */
		4218DA16237621490048D1CB /* Resources */ = {
			isa = PBXResourcesBuildPhase;
			buildActionMask = 2147483647;
			files = (
				4218DA282376214B0048D1CB /* LaunchScreen.storyboard in Resources */,
				4218DA252376214B0048D1CB /* Preview Assets.xcassets in Resources */,
				4218DA222376214B0048D1CB /* Assets.xcassets in Resources */,
			);
			runOnlyForDeploymentPostprocessing = 0;
		};
		4218DA2C2376214B0048D1CB /* Resources */ = {
			isa = PBXResourcesBuildPhase;
			buildActionMask = 2147483647;
			files = (
			);
			runOnlyForDeploymentPostprocessing = 0;
		};
		4218DA372376214B0048D1CB /* Resources */ = {
			isa = PBXResourcesBuildPhase;
			buildActionMask = 2147483647;
			files = (
			);
			runOnlyForDeploymentPostprocessing = 0;
		};
/* End PBXResourcesBuildPhase section */

/* Begin PBXSourcesBuildPhase section */
		4218DA14237621490048D1CB /* Sources */ = {
			isa = PBXSourcesBuildPhase;
			buildActionMask = 2147483647;
			files = (
				4218DA1C237621490048D1CB /* AppDelegate.swift in Sources */,
				4218DA1E237621490048D1CB /* SceneDelegate.swift in Sources */,
				4218DA20237621490048D1CB /* ContentView.swift in Sources */,
			);
			runOnlyForDeploymentPostprocessing = 0;
		};
		4218DA2A2376214B0048D1CB /* Sources */ = {
			isa = PBXSourcesBuildPhase;
			buildActionMask = 2147483647;
			files = (
				4218DA332376214B0048D1CB /* ArenasTests.swift in Sources */,
			);
			runOnlyForDeploymentPostprocessing = 0;
		};
		4218DA352376214B0048D1CB /* Sources */ = {
			isa = PBXSourcesBuildPhase;
			buildActionMask = 2147483647;
			files = (
				4218DA3E2376214B0048D1CB /* ArenasUITests.swift in Sources */,
			);
			runOnlyForDeploymentPostprocessing = 0;
		};
/* End PBXSourcesBuildPhase section */

/* Begin PBXTargetDependency section */
		4218DA302376214B0048D1CB /* PBXTargetDependency */ = {
			isa = PBXTargetDependency;
			target = 4218DA17237621490048D1CB /* Arenas */;
			targetProxy = 4218DA2F2376214B0048D1CB /* PBXContainerItemProxy */;
		};
		4218DA3B2376214B0048D1CB /* PBXTargetDependency */ = {
			isa = PBXTargetDependency;
			target = 4218DA17237621490048D1CB /* Arenas */;
			targetProxy = 4218DA3A2376214B0048D1CB /* PBXContainerItemProxy */;
		};
/* End PBXTargetDependency section */

/* Begin PBXVariantGroup section */
		4218DA262376214B0048D1CB /* LaunchScreen.storyboard */ = {
			isa = PBXVariantGroup;
			children = (
				4218DA272376214B0048D1CB /* Base */,
			);
			name = LaunchScreen.storyboard;
			sourceTree = "<group>";
		};
/* End PBXVariantGroup section */

/* Begin XCBuildConfiguration section */
		4218DA402376214B0048D1CB /* Debug */ = {
			isa = XCBuildConfiguration;
			buildSettings = {
				ALWAYS_SEARCH_USER_PATHS = NO;
				CLANG_ANALYZER_NONNULL = YES;
				CLANG_ANALYZER_NUMBER_OBJECT_CONVERSION = YES_AGGRESSIVE;
				CLANG_CXX_LANGUAGE_STANDARD = "gnu++14";
				CLANG_CXX_LIBRARY = "libc++";
				CLANG_ENABLE_MODULES = YES;
				CLANG_ENABLE_OBJC_ARC = YES;
				CLANG_ENABLE_OBJC_WEAK = YES;
				CLANG_WARN_BLOCK_CAPTURE_AUTORELEASING = YES;
				CLANG_WARN_BOOL_CONVERSION = YES;
				CLANG_WARN_COMMA = YES;
				CLANG_WARN_CONSTANT_CONVERSION = YES;
				CLANG_WARN_DEPRECATED_OBJC_IMPLEMENTATIONS = YES;
				CLANG_WARN_DIRECT_OBJC_ISA_USAGE = YES_ERROR;
				CLANG_WARN_DOCUMENTATION_COMMENTS = YES;
				CLANG_WARN_EMPTY_BODY = YES;
				CLANG_WARN_ENUM_CONVERSION = YES;
				CLANG_WARN_INFINITE_RECURSION = YES;
				CLANG_WARN_INT_CONVERSION = YES;
				CLANG_WARN_NON_LITERAL_NULL_CONVERSION = YES;
				CLANG_WARN_OBJC_IMPLICIT_RETAIN_SELF = YES;
				CLANG_WARN_OBJC_LITERAL_CONVERSION = YES;
				CLANG_WARN_OBJC_ROOT_CLASS = YES_ERROR;
				CLANG_WARN_RANGE_LOOP_ANALYSIS = YES;
				CLANG_WARN_STRICT_PROTOTYPES = YES;
				CLANG_WARN_SUSPICIOUS_MOVE = YES;
				CLANG_WARN_UNGUARDED_AVAILABILITY = YES_AGGRESSIVE;
				CLANG_WARN_UNREACHABLE_CODE = YES;
				CLANG_WARN__DUPLICATE_METHOD_MATCH = YES;
				COPY_PHASE_STRIP = NO;
				DEBUG_INFORMATION_FORMAT = dwarf;
				ENABLE_STRICT_OBJC_MSGSEND = YES;
				ENABLE_TESTABILITY = YES;
				GCC_C_LANGUAGE_STANDARD = gnu11;
				GCC_DYNAMIC_NO_PIC = NO;
				GCC_NO_COMMON_BLOCKS = YES;
				GCC_OPTIMIZATION_LEVEL = 0;
				GCC_PREPROCESSOR_DEFINITIONS = (
					"DEBUG=1",
					"$(inherited)",
				);
				GCC_WARN_64_TO_32_BIT_CONVERSION = YES;
				GCC_WARN_ABOUT_RETURN_TYPE = YES_ERROR;
				GCC_WARN_UNDECLARED_SELECTOR = YES;
				GCC_WARN_UNINITIALIZED_AUTOS = YES_AGGRESSIVE;
				GCC_WARN_UNUSED_FUNCTION = YES;
				GCC_WARN_UNUSED_VARIABLE = YES;
				IPHONEOS_DEPLOYMENT_TARGET = 13.0;
				MTL_ENABLE_DEBUG_INFO = INCLUDE_SOURCE;
				MTL_FAST_MATH = YES;
				ONLY_ACTIVE_ARCH = YES;
				SDKROOT = iphoneos;
				SWIFT_ACTIVE_COMPILATION_CONDITIONS = DEBUG;
				SWIFT_OPTIMIZATION_LEVEL = "-Onone";
			};
			name = Debug;
		};
		4218DA412376214B0048D1CB /* Release */ = {
			isa = XCBuildConfiguration;
			buildSettings = {
				ALWAYS_SEARCH_USER_PATHS = NO;
				CLANG_ANALYZER_NONNULL = YES;
				CLANG_ANALYZER_NUMBER_OBJECT_CONVERSION = YES_AGGRESSIVE;
				CLANG_CXX_LANGUAGE_STANDARD = "gnu++14";
				CLANG_CXX_LIBRARY = "libc++";
				CLANG_ENABLE_MODULES = YES;
				CLANG_ENABLE_OBJC_ARC = YES;
				CLANG_ENABLE_OBJC_WEAK = YES;
				CLANG_WARN_BLOCK_CAPTURE_AUTORELEASING = YES;
				CLANG_WARN_BOOL_CONVERSION = YES;
				CLANG_WARN_COMMA = YES;
				CLANG_WARN_CONSTANT_CONVERSION = YES;
				CLANG_WARN_DEPRECATED_OBJC_IMPLEMENTATIONS = YES;
				CLANG_WARN_DIRECT_OBJC_ISA_USAGE = YES_ERROR;
				CLANG_WARN_DOCUMENTATION_COMMENTS = YES;
				CLANG_WARN_EMPTY_BODY = YES;
				CLANG_WARN_ENUM_CONVERSION = YES;
				CLANG_WARN_INFINITE_RECURSION = YES;
				CLANG_WARN_INT_CONVERSION = YES;
				CLANG_WARN_NON_LITERAL_NULL_CONVERSION = YES;
				CLANG_WARN_OBJC_IMPLICIT_RETAIN_SELF = YES;
				CLANG_WARN_OBJC_LITERAL_CONVERSION = YES;
				CLANG_WARN_OBJC_ROOT_CLASS = YES_ERROR;
				CLANG_WARN_RANGE_LOOP_ANALYSIS = YES;
				CLANG_WARN_STRICT_PROTOTYPES = YES;
				CLANG_WARN_SUSPICIOUS_MOVE = YES;
				CLANG_WARN_UNGUARDED_AVAILABILITY = YES_AGGRESSIVE;
				CLANG_WARN_UNREACHABLE_CODE = YES;
				CLANG_WARN__DUPLICATE_METHOD_MATCH = YES;
				COPY_PHASE_STRIP = NO;
				DEBUG_INFORMATION_FORMAT = "dwarf-with-dsym";
				ENABLE_NS_ASSERTIONS = NO;
				ENABLE_STRICT_OBJC_MSGSEND = YES;
				GCC_C_LANGUAGE_STANDARD = gnu11;
				GCC_NO_COMMON_BLOCKS = YES;
				GCC_WARN_64_TO_32_BIT_CONVERSION = YES;
				GCC_WARN_ABOUT_RETURN_TYPE = YES_ERROR;
				GCC_WARN_UNDECLARED_SELECTOR = YES;
				GCC_WARN_UNINITIALIZED_AUTOS = YES_AGGRESSIVE;
				GCC_WARN_UNUSED_FUNCTION = YES;
				GCC_WARN_UNUSED_VARIABLE = YES;
				IPHONEOS_DEPLOYMENT_TARGET = 13.0;
				MTL_ENABLE_DEBUG_INFO = NO;
				MTL_FAST_MATH = YES;
				SDKROOT = iphoneos;
				SWIFT_COMPILATION_MODE = wholemodule;
				SWIFT_OPTIMIZATION_LEVEL = "-O";
				VALIDATE_PRODUCT = YES;
			};
			name = Release;
		};
		4218DA432376214B0048D1CB /* Debug */ = {
			isa = XCBuildConfiguration;
			buildSettings = {
				ASSETCATALOG_COMPILER_APPICON_NAME = AppIcon;
				CODE_SIGN_STYLE = Automatic;
				DEVELOPMENT_ASSET_PATHS = "\"Arenas/Preview Content\"";
				ENABLE_PREVIEWS = YES;
				INFOPLIST_FILE = Arenas/Info.plist;
				LD_RUNPATH_SEARCH_PATHS = (
					"$(inherited)",
					"@executable_path/Frameworks",
				);
				PRODUCT_BUNDLE_IDENTIFIER = "Informatica-Unam.Arenas";
				PRODUCT_NAME = "$(TARGET_NAME)";
				SWIFT_VERSION = 5.0;
				TARGETED_DEVICE_FAMILY = "1,2";
			};
			name = Debug;
		};
		4218DA442376214B0048D1CB /* Release */ = {
			isa = XCBuildConfiguration;
			buildSettings = {
				ASSETCATALOG_COMPILER_APPICON_NAME = AppIcon;
				CODE_SIGN_STYLE = Automatic;
				DEVELOPMENT_ASSET_PATHS = "\"Arenas/Preview Content\"";
				ENABLE_PREVIEWS = YES;
				INFOPLIST_FILE = Arenas/Info.plist;
				LD_RUNPATH_SEARCH_PATHS = (
					"$(inherited)",
					"@executable_path/Frameworks",
				);
				PRODUCT_BUNDLE_IDENTIFIER = "Informatica-Unam.Arenas";
				PRODUCT_NAME = "$(TARGET_NAME)";
				SWIFT_VERSION = 5.0;
				TARGETED_DEVICE_FAMILY = "1,2";
			};
			name = Release;
		};
		4218DA462376214B0048D1CB /* Debug */ = {
			isa = XCBuildConfiguration;
			buildSettings = {
				ALWAYS_EMBED_SWIFT_STANDARD_LIBRARIES = YES;
				BUNDLE_LOADER = "$(TEST_HOST)";
				CODE_SIGN_STYLE = Automatic;
				INFOPLIST_FILE = ArenasTests/Info.plist;
				IPHONEOS_DEPLOYMENT_TARGET = 13.0;
				LD_RUNPATH_SEARCH_PATHS = (
					"$(inherited)",
					"@executable_path/Frameworks",
					"@loader_path/Frameworks",
				);
				PRODUCT_BUNDLE_IDENTIFIER = "Informatica-Unam.ArenasTests";
				PRODUCT_NAME = "$(TARGET_NAME)";
				SWIFT_VERSION = 5.0;
				TARGETED_DEVICE_FAMILY = "1,2";
				TEST_HOST = "$(BUILT_PRODUCTS_DIR)/Arenas.app/Arenas";
			};
			name = Debug;
		};
		4218DA472376214B0048D1CB /* Release */ = {
			isa = XCBuildConfiguration;
			buildSettings = {
				ALWAYS_EMBED_SWIFT_STANDARD_LIBRARIES = YES;
				BUNDLE_LOADER = "$(TEST_HOST)";
				CODE_SIGN_STYLE = Automatic;
				INFOPLIST_FILE = ArenasTests/Info.plist;
				IPHONEOS_DEPLOYMENT_TARGET = 13.0;
				LD_RUNPATH_SEARCH_PATHS = (
					"$(inherited)",
					"@executable_path/Frameworks",
					"@loader_path/Frameworks",
				);
				PRODUCT_BUNDLE_IDENTIFIER = "Informatica-Unam.ArenasTests";
				PRODUCT_NAME = "$(TARGET_NAME)";
				SWIFT_VERSION = 5.0;
				TARGETED_DEVICE_FAMILY = "1,2";
				TEST_HOST = "$(BUILT_PRODUCTS_DIR)/Arenas.app/Arenas";
			};
			name = Release;
		};
		4218DA492376214B0048D1CB /* Debug */ = {
			isa = XCBuildConfiguration;
			buildSettings = {
				ALWAYS_EMBED_SWIFT_STANDARD_LIBRARIES = YES;
				CODE_SIGN_STYLE = Automatic;
				INFOPLIST_FILE = ArenasUITests/Info.plist;
				LD_RUNPATH_SEARCH_PATHS = (
					"$(inherited)",
					"@executable_path/Frameworks",
					"@loader_path/Frameworks",
				);
				PRODUCT_BUNDLE_IDENTIFIER = "Informatica-Unam.ArenasUITests";
				PRODUCT_NAME = "$(TARGET_NAME)";
				SWIFT_VERSION = 5.0;
				TARGETED_DEVICE_FAMILY = "1,2";
				TEST_TARGET_NAME = Arenas;
			};
			name = Debug;
		};
		4218DA4A2376214B0048D1CB /* Release */ = {
			isa = XCBuildConfiguration;
			buildSettings = {
				ALWAYS_EMBED_SWIFT_STANDARD_LIBRARIES = YES;
				CODE_SIGN_STYLE = Automatic;
				INFOPLIST_FILE = ArenasUITests/Info.plist;
				LD_RUNPATH_SEARCH_PATHS = (
					"$(inherited)",
					"@executable_path/Frameworks",
					"@loader_path/Frameworks",
				);
				PRODUCT_BUNDLE_IDENTIFIER = "Informatica-Unam.ArenasUITests";
				PRODUCT_NAME = "$(TARGET_NAME)";
				SWIFT_VERSION = 5.0;
				TARGETED_DEVICE_FAMILY = "1,2";
				TEST_TARGET_NAME = Arenas;
			};
			name = Release;
		};
/* End XCBuildConfiguration section */

/* Begin XCConfigurationList section */
		4218DA13237621490048D1CB /* Build configuration list for PBXProject "Arenas" */ = {
			isa = XCConfigurationList;
			buildConfigurations = (
				4218DA402376214B0048D1CB /* Debug */,
				4218DA412376214B0048D1CB /* Release */,
			);
			defaultConfigurationIsVisible = 0;
			defaultConfigurationName = Release;
		};
		4218DA422376214B0048D1CB /* Build configuration list for PBXNativeTarget "Arenas" */ = {
			isa = XCConfigurationList;
			buildConfigurations = (
				4218DA432376214B0048D1CB /* Debug */,
				4218DA442376214B0048D1CB /* Release */,
			);
			defaultConfigurationIsVisible = 0;
			defaultConfigurationName = Release;
		};
		4218DA452376214B0048D1CB /* Build configuration list for PBXNativeTarget "ArenasTests" */ = {
			isa = XCConfigurationList;
			buildConfigurations = (
				4218DA462376214B0048D1CB /* Debug */,
				4218DA472376214B0048D1CB /* Release */,
			);
			defaultConfigurationIsVisible = 0;
			defaultConfigurationName = Release;
		};
		4218DA482376214B0048D1CB /* Build configuration list for PBXNativeTarget "ArenasUITests" */ = {
			isa = XCConfigurationList;
			buildConfigurations = (
				4218DA492376214B0048D1CB /* Debug */,
				4218DA4A2376214B0048D1CB /* Release */,
			);
			defaultConfigurationIsVisible = 0;
			defaultConfigurationName = Release;
		};
/* End XCConfigurationList section */
	};
	rootObject = 4218DA10237621490048D1CB /* Project object */;
}
